
Microsoft Visual Studio Solution File, Format Version 12.00
# Visual Studio Version 16
VisualStudioVersion = 16.0.30128.74
MinimumVisualStudioVersion = 10.0.40219.1
Project("{FAE04EC0-301F-11D3-BF4B-00C04F79EFBC}") = "OctaneEngine", "OctaneEngine\OctaneEngine.csproj", "{8058F2AA-7DB9-4FDF-9548-003BB35BABD7}"
EndProject
Project("{FAE04EC0-301F-11D3-BF4B-00C04F79EFBC}") = "OctaneTester", "OctaneTester\OctaneTester.csproj", "{2A12EE1E-CA94-44C9-9B38-2144CBEAFCA7}"
	ProjectSection(ProjectDependencies) = postProject
		{8058F2AA-7DB9-4FDF-9548-003BB35BABD7} = {8058F2AA-7DB9-4FDF-9548-003BB35BABD7}
	EndProjectSection
EndProject
Global
	GlobalSection(SolutionConfigurationPlatforms) = preSolution
		Debug|x64 = Debug|x64
		Release|x64 = Release|x64
	EndGlobalSection
	GlobalSection(ProjectConfigurationPlatforms) = postSolution
		{8058F2AA-7DB9-4FDF-9548-003BB35BABD7}.Debug|x64.ActiveCfg = Debug|Any CPU
		{8058F2AA-7DB9-4FDF-9548-003BB35BABD7}.Debug|x64.Build.0 = Debug|Any CPU
		{8058F2AA-7DB9-4FDF-9548-003BB35BABD7}.Release|x64.ActiveCfg = Release|x64
		{8058F2AA-7DB9-4FDF-9548-003BB35BABD7}.Release|x64.Build.0 = Release|x64
		{2A12EE1E-CA94-44C9-9B38-2144CBEAFCA7}.Debug|x64.ActiveCfg = Debug|x64
		{2A12EE1E-CA94-44C9-9B38-2144CBEAFCA7}.Release|x64.ActiveCfg = Release|x64
		{2A12EE1E-CA94-44C9-9B38-2144CBEAFCA7}.Release|x64.Build.0 = Release|x64
	EndGlobalSection
	GlobalSection(SolutionProperties) = preSolution
		HideSolutionNode = FALSE
	EndGlobalSection
	GlobalSection(ExtensibilityGlobals) = postSolution
		SolutionGuid = {5A28E9BA-FF92-43E7-9553-26253E483DD7}
	EndGlobalSection
EndGlobal
