
Microsoft Visual Studio Solution File, Format Version 12.00
# Visual Studio Express 2012 for Windows Desktop
Project("{FAE04EC0-301F-11D3-BF4B-00C04F79EFBC}") = "OctaneEngine", "OctaneEngine\OctaneEngine.csproj", "{8058F2AA-7DB9-4FDF-9548-003BB35BABD7}"
EndProject
Project("{FAE04EC0-301F-11D3-BF4B-00C04F79EFBC}") = "OctaneTester", "OctaneTester\OctaneTester.csproj", "{2A12EE1E-CA94-44C9-9B38-2144CBEAFCA7}"
	ProjectSection(ProjectDependencies) = postProject
		{8058F2AA-7DB9-4FDF-9548-003BB35BABD7} = {8058F2AA-7DB9-4FDF-9548-003BB35BABD7}
	EndProjectSection
EndProject
Global
	GlobalSection(SolutionConfigurationPlatforms) = preSolution
		Debug|Any CPU = Debug|Any CPU
		Release|Any CPU = Release|Any CPU
	EndGlobalSection
	GlobalSection(ProjectConfigurationPlatforms) = postSolution
		{8058F2AA-7DB9-4FDF-9548-003BB35BABD7}.Debug|Any CPU.ActiveCfg = Debug|Any CPU
		{8058F2AA-7DB9-4FDF-9548-003BB35BABD7}.Debug|Any CPU.Build.0 = Debug|Any CPU
		{8058F2AA-7DB9-4FDF-9548-003BB35BABD7}.Release|Any CPU.ActiveCfg = Release|Any CPU
		{8058F2AA-7DB9-4FDF-9548-003BB35BABD7}.Release|Any CPU.Build.0 = Release|Any CPU
		{2A12EE1E-CA94-44C9-9B38-2144CBEAFCA7}.Debug|Any CPU.ActiveCfg = Debug|Any CPU
		{2A12EE1E-CA94-44C9-9B38-2144CBEAFCA7}.Debug|Any CPU.Build.0 = Debug|Any CPU
		{2A12EE1E-CA94-44C9-9B38-2144CBEAFCA7}.Release|Any CPU.ActiveCfg = Release|Any CPU
		{2A12EE1E-CA94-44C9-9B38-2144CBEAFCA7}.Release|Any CPU.Build.0 = Release|Any CPU
	EndGlobalSection
	GlobalSection(SolutionProperties) = preSolution
		HideSolutionNode = FALSE
	EndGlobalSection
EndGlobal
